{
  "nodes": {
    "home-manager": {
      "inputs": {
        "nixpkgs": [
          "nixpkgs"
        ]
      },
      "locked": {
        "lastModified": 1710888565,
        "narHash": "sha256-s9Hi4RHhc6yut4EcYD50sZWRDKsugBJHSbON8KFwoTw=",
        "owner": "nix-community",
        "repo": "home-manager",
        "rev": "f33900124c23c4eca5831b9b5eb32ea5894375ce",
        "type": "github"
      },
      "original": {
        "owner": "nix-community",
        "ref": "release-23.11",
        "repo": "home-manager",
        "type": "github"
      }
    },
    "libcamera-apps-src": {
      "flake": false,
      "locked": {
        "lastModified": 1700750082,
        "narHash": "sha256-3NG2ZE/Ub3lTbfne0LCXuDgLGTPaAAADRdElEbZwvls=",
        "owner": "raspberrypi",
        "repo": "libcamera-apps",
        "rev": "f74361ee6a56e0907c453f58609fdbe9fcdde16c",
        "type": "github"
      },
      "original": {
        "owner": "raspberrypi",
        "ref": "v1.4.1",
        "repo": "libcamera-apps",
        "type": "github"
      }
    },
    "libcamera-src": {
      "flake": false,
      "locked": {
        "lastModified": 1700662017,
        "narHash": "sha256-T5MBTTYaDfaWEo/czTE822e5ZXQmcJ9pd+RWNoM4sBs=",
        "owner": "raspberrypi",
        "repo": "libcamera",
        "rev": "563cd78e1c9858769f7e4cc2628e2515836fd6e7",
        "type": "github"
      },
      "original": {
        "owner": "raspberrypi",
        "repo": "libcamera",
        "rev": "563cd78e1c9858769f7e4cc2628e2515836fd6e7",
        "type": "github"
      }
    },
    "libpisp-src": {
      "flake": false,
      "locked": {
        "lastModified": 1701772630,
        "narHash": "sha256-CagyVv6LIdxVQ3nvqHDifm3Xs3bN5Zxz3dZ8ugwNysQ=",
        "owner": "raspberrypi",
        "repo": "libpisp",
        "rev": "c770864267e337c3f83ff9b51a38c02e63d0c784",
        "type": "github"
      },
      "original": {
        "owner": "raspberrypi",
        "ref": "v1.0.3",
        "repo": "libpisp",
        "type": "github"
      }
    },
    "nixos-hardware": {
      "locked": {
        "lastModified": 1709410583,
        "narHash": "sha256-esOSUoQ7mblwcsSea0K17McZuwAIjoS6dq/4b83+lvw=",
        "owner": "NixOS",
        "repo": "nixos-hardware",
        "rev": "59e37017b9ed31dee303dbbd4531c594df95cfbc",
        "type": "github"
      },
      "original": {
        "owner": "NixOS",
        "repo": "nixos-hardware",
        "type": "github"
      }
    },
    "nixpkgs": {
      "locked": {
        "lastModified": 1709677081,
        "narHash": "sha256-tix36Y7u0rkn6mTm0lA45b45oab2cFLqAzDbJxeXS+c=",
        "owner": "nixos",
        "repo": "nixpkgs",
        "rev": "880992dcc006a5e00dd0591446fdf723e6a51a64",
        "type": "github"
      },
      "original": {
        "owner": "nixos",
        "ref": "nixos-23.11",
        "repo": "nixpkgs",
        "type": "github"
      }
    },
    "raspberry-pi-nix": {
      "inputs": {
        "libcamera-apps-src": "libcamera-apps-src",
        "libcamera-src": "libcamera-src",
        "libpisp-src": "libpisp-src",
        "rpi-bluez-firmware-src": "rpi-bluez-firmware-src",
        "rpi-firmware-nonfree-src": "rpi-firmware-nonfree-src",
        "rpi-firmware-src": "rpi-firmware-src",
        "rpi-linux-6_1-src": "rpi-linux-6_1-src",
        "u-boot-src": "u-boot-src"
      },
      "locked": {
        "lastModified": 1708615069,
        "narHash": "sha256-ZgOYEEfTgJJQLkreg2UUFE4l0ONi93d5610/+rC3dy4=",
        "owner": "tstat",
        "repo": "raspberry-pi-nix",
        "rev": "b1ac1e98cd688a024f1c385383b17952bc27d7e5",
        "type": "github"
      },
      "original": {
        "owner": "tstat",
        "ref": "master",
        "repo": "raspberry-pi-nix",
        "type": "github"
      }
    },
    "root": {
      "inputs": {
        "home-manager": "home-manager",
        "nixos-hardware": "nixos-hardware",
        "nixpkgs": "nixpkgs",
        "raspberry-pi-nix": "raspberry-pi-nix"
      }
    },
    "rpi-bluez-firmware-src": {
      "flake": false,
      "locked": {
        "lastModified": 1698157837,
        "narHash": "sha256-CjbZ3t3TW/iJ3+t9QKEtM9NdQU7SwcUCDYuTmFEwvhU=",
        "owner": "RPi-Distro",
        "repo": "bluez-firmware",
        "rev": "d9d4741caba7314d6500f588b1eaa5ab387a4ff5",
        "type": "github"
      },
      "original": {
        "owner": "RPi-Distro",
        "repo": "bluez-firmware",
        "rev": "d9d4741caba7314d6500f588b1eaa5ab387a4ff5",
        "type": "github"
      }
    },
    "rpi-firmware-nonfree-src": {
      "flake": false,
      "locked": {
        "lastModified": 1700058854,
        "narHash": "sha256-Yynww79LPPkau4YDSLI6IMOjH64nMpHUdGjnCfIR2+M=",
        "owner": "RPi-Distro",
        "repo": "firmware-nonfree",
        "rev": "88aa085bfa1a4650e1ccd88896f8343c22a24055",
        "type": "github"
      },
      "original": {
        "owner": "RPi-Distro",
        "repo": "firmware-nonfree",
        "rev": "88aa085bfa1a4650e1ccd88896f8343c22a24055",
        "type": "github"
      }
    },
    "rpi-firmware-src": {
      "flake": false,
      "locked": {
        "lastModified": 1702298535,
        "narHash": "sha256-2mOzSJhI5cw8nkgixVXYLdhQMl8m14qHxNzp89huSx4=",
        "owner": "raspberrypi",
        "repo": "firmware",
        "rev": "7e6decce72fdff51923e9203db46716835ae889a",
        "type": "github"
      },
      "original": {
        "owner": "raspberrypi",
        "repo": "firmware",
        "rev": "7e6decce72fdff51923e9203db46716835ae889a",
        "type": "github"
      }
    },
    "rpi-linux-6_1-src": {
      "flake": false,
      "locked": {
        "lastModified": 1700737065,
        "narHash": "sha256-4Rc57y70LmRFwDnOD4rHoHGmfxD9zYEAwYm9Wvyb3no=",
        "owner": "raspberrypi",
        "repo": "linux",
        "rev": "a984fda6b2c24dbf1ca21924f99c8f9418f5765e",
        "type": "github"
      },
      "original": {
        "owner": "raspberrypi",
        "ref": "stable_20231123",
        "repo": "linux",
        "type": "github"
      }
    },
    "u-boot-src": {
      "flake": false,
      "locked": {
        "lastModified": 1704728268,
        "narHash": "sha256-0Da7Czy9cpQ+D5EICc3/QSZhAdCBsmeMvBgykYhAQFw=",
        "type": "tarball",
        "url": "https://ftp.denx.de/pub/u-boot/u-boot-2024.01.tar.bz2"
      },
      "original": {
        "type": "tarball",
        "url": "https://ftp.denx.de/pub/u-boot/u-boot-2024.01.tar.bz2"
      }
    }
  },
  "root": "root",
  "version": 7
}
